# THIS IS AN AUTOGENERATED FILE. DO NOT EDIT THIS FILE DIRECTLY.
# yarn lockfile v1


"@codemirror/autocomplete@^6.0.0":
  version "6.9.0"
  resolved "https://registry.yarnpkg.com/@codemirror/autocomplete/-/autocomplete-6.9.0.tgz#1a1e63122288b8f8e1e9d7aff2eb39a83e04d8a9"
  integrity sha512-Fbwm0V/Wn3BkEJZRhr0hi5BhCo5a7eBL6LYaliPjOSwCyfOpnjXY59HruSxOUNV+1OYer0Tgx1zRNQttjXyDog==
  dependencies:
    "@codemirror/language" "^6.0.0"
    "@codemirror/state" "^6.0.0"
    "@codemirror/view" "^6.6.0"
    "@lezer/common" "^1.0.0"

"@codemirror/autocomplete@^6.3.2":
  version "6.9.1"
  resolved "https://registry.yarnpkg.com/@codemirror/autocomplete/-/autocomplete-6.9.1.tgz#e0989c6a33a37604b5d2c896dcca7562ae3d7c61"
  integrity sha512-yma56tqD7khIZK4gy4X5lX3/k5ArMiCGat7HEWRF/8L2kqOjVdp2qKZqpcJjwTIjSj6fqKAHqi7IjtH3QFE+Bw==
  dependencies:
    "@codemirror/language" "^6.0.0"
    "@codemirror/state" "^6.0.0"
    "@codemirror/view" "^6.17.0"
    "@lezer/common" "^1.0.0"

"@codemirror/commands@^6.0.0":
  version "6.2.5"
  resolved "https://registry.yarnpkg.com/@codemirror/commands/-/commands-6.2.5.tgz#e889f93f9cc85b32f6b2844d85d08688f695a6b8"
  integrity sha512-dSi7ow2P2YgPBZflR9AJoaTHvqmeGIgkhignYMd5zK5y6DANTvxKxp6eMEpIDUJkRAaOY/TFZ4jP1ADIO/GLVA==
  dependencies:
    "@codemirror/language" "^6.0.0"
    "@codemirror/state" "^6.2.0"
    "@codemirror/view" "^6.0.0"
    "@lezer/common" "^1.0.0"

"@codemirror/lang-javascript@^6.2.0":
  version "6.2.0"
  resolved "https://registry.yarnpkg.com/@codemirror/lang-javascript/-/lang-javascript-6.2.0.tgz#c3e558c92c03b2f4a26d020c9c496fb7ef4e1902"
  integrity sha512-E01GVTFTDSiXyrnHq+NwGxr/BqvNoAFRp1Wz+C6v2nU8rzjF0lHy7WG8kLCGowNyuk6YgfcmfuXHNxlLXgqQqQ==
  dependencies:
    "@codemirror/autocomplete" "^6.0.0"
    "@codemirror/language" "^6.6.0"
    "@codemirror/lint" "^6.0.0"
    "@codemirror/state" "^6.0.0"
    "@codemirror/view" "^6.0.0"
    "@lezer/common" "^1.0.0"
    "@lezer/javascript" "^1.0.0"

"@codemirror/lang-python@^6.1.3":
  version "6.1.3"
  resolved "https://registry.yarnpkg.com/@codemirror/lang-python/-/lang-python-6.1.3.tgz#47b8d9fb42eb4482317843e519c6c211accacb62"
  integrity sha512-S9w2Jl74hFlD5nqtUMIaXAq9t5WlM0acCkyuQWUUSvZclk1sV+UfnpFiZzuZSG+hfEaOmxKR5UxY/Uxswn7EhQ==
  dependencies:
    "@codemirror/autocomplete" "^6.3.2"
    "@codemirror/language" "^6.8.0"
    "@lezer/python" "^1.1.4"

"@codemirror/language@^6.0.0", "@codemirror/language@^6.6.0":
  version "6.9.0"
  resolved "https://registry.yarnpkg.com/@codemirror/language/-/language-6.9.0.tgz#c471ce1fdb9b1577f312bb68ef54fb4b76f7a420"
  integrity sha512-nFu311/0ne/qGuGCL3oKuktBgzVOaxCHZPZv1tLSZkNjPYxxvkjSbzno3MlErG2tgw1Yw1yF8BxMCegeMXqpiw==
  dependencies:
    "@codemirror/state" "^6.0.0"
    "@codemirror/view" "^6.0.0"
    "@lezer/common" "^1.0.0"
    "@lezer/highlight" "^1.0.0"
    "@lezer/lr" "^1.0.0"
    style-mod "^4.0.0"

"@codemirror/language@^6.8.0":
  version "6.9.1"
  resolved "https://registry.yarnpkg.com/@codemirror/language/-/language-6.9.1.tgz#97e2c3e44cf4ff152add865ed7ecec73868446a4"
  integrity sha512-lWRP3Y9IUdOms6DXuBpoWwjkR7yRmnS0hKYCbSfPz9v6Em1A1UCRujAkDiCrdYfs1Z0Eu4dGtwovNPStIfkgNA==
  dependencies:
    "@codemirror/state" "^6.0.0"
    "@codemirror/view" "^6.0.0"
    "@lezer/common" "^1.1.0"
    "@lezer/highlight" "^1.0.0"
    "@lezer/lr" "^1.0.0"
    style-mod "^4.0.0"

"@codemirror/lint@^6.0.0":
  version "6.4.1"
  resolved "https://registry.yarnpkg.com/@codemirror/lint/-/lint-6.4.1.tgz#e4626ff8890c745209c6c24840843ff7933bc64f"
  integrity sha512-2Hx945qKX7FBan5/gUdTM8fsMYrNG9clIgEcPXestbLVFAUyQYFAuju/5BMNf/PwgpVaX5pvRm4+ovjbp9D9gQ==
  dependencies:
    "@codemirror/state" "^6.0.0"
    "@codemirror/view" "^6.0.0"
    crelt "^1.0.5"

"@codemirror/search@^6.0.0":
  version "6.5.2"
  resolved "https://registry.yarnpkg.com/@codemirror/search/-/search-6.5.2.tgz#01cc58f27c88e902971b9596d89a3af671b1ef9f"
  integrity sha512-WRihpqd0l9cEh9J3IZe45Yi+Z5MfTsEXnyc3V7qXHP4ZYtIYpGOn+EJ7fyLIkyAm/8S6QIr7/mMISfAadf8zCg==
  dependencies:
    "@codemirror/state" "^6.0.0"
    "@codemirror/view" "^6.0.0"
    crelt "^1.0.5"

"@codemirror/state@^6.0.0", "@codemirror/state@^6.1.4", "@codemirror/state@^6.2.0":
  version "6.2.1"
  resolved "https://registry.yarnpkg.com/@codemirror/state/-/state-6.2.1.tgz#6dc8d8e5abb26b875e3164191872d69a5e85bd73"
  integrity sha512-RupHSZ8+OjNT38zU9fKH2sv+Dnlr8Eb8sl4NOnnqz95mCFTZUaiRP8Xv5MeeaG0px2b8Bnfe7YGwCV3nsBhbuw==

"@codemirror/view@^6.0.0", "@codemirror/view@^6.6.0":
  version "6.16.0"
  resolved "https://registry.yarnpkg.com/@codemirror/view/-/view-6.16.0.tgz#047001b8dd04e104776c476e45ee9c4eed9f99fa"
  integrity sha512-1Z2HkvkC3KR/oEZVuW9Ivmp8TWLzGEd8T8TA04TTwPvqogfkHBdYSlflytDOqmkUxM2d1ywTg7X2dU5mC+SXvg==
  dependencies:
    "@codemirror/state" "^6.1.4"
    style-mod "^4.0.0"
    w3c-keyname "^2.2.4"

"@codemirror/view@^6.17.0":
  version "6.20.0"
  resolved "https://registry.yarnpkg.com/@codemirror/view/-/view-6.20.0.tgz#6e159405625d5314b35036f255e7f43cb6588409"
  integrity sha512-N+lSr/UybTnSnvSLjzbAWe600x3DhBj3Lerk/BMllB6wDMzgW6OgNI/5eOGnbBAwY8lxxyHQmv/R5ER35nlVmg==
  dependencies:
    "@codemirror/state" "^6.1.4"
    style-mod "^4.1.0"
    w3c-keyname "^2.2.4"

"@esbuild/android-arm64@0.18.20":
  version "0.18.20"
  resolved "https://registry.yarnpkg.com/@esbuild/android-arm64/-/android-arm64-0.18.20.tgz#984b4f9c8d0377443cc2dfcef266d02244593622"
  integrity sha512-Nz4rJcchGDtENV0eMKUNa6L12zz2zBDXuhj/Vjh18zGqB44Bi7MBMSXjgunJgjRhCmKOjnPuZp4Mb6OKqtMHLQ==

"@esbuild/android-arm@0.18.20":
  version "0.18.20"
  resolved "https://registry.yarnpkg.com/@esbuild/android-arm/-/android-arm-0.18.20.tgz#fedb265bc3a589c84cc11f810804f234947c3682"
  integrity sha512-fyi7TDI/ijKKNZTUJAQqiG5T7YjJXgnzkURqmGj13C6dCqckZBLdl4h7bkhHt/t0WP+zO9/zwroDvANaOqO5Sw==

"@esbuild/android-x64@0.18.20":
  version "0.18.20"
  resolved "https://registry.yarnpkg.com/@esbuild/android-x64/-/android-x64-0.18.20.tgz#35cf419c4cfc8babe8893d296cd990e9e9f756f2"
  integrity sha512-8GDdlePJA8D6zlZYJV/jnrRAi6rOiNaCC/JclcXpB+KIuvfBN4owLtgzY2bsxnx666XjJx2kDPUmnTtR8qKQUg==

"@esbuild/darwin-arm64@0.18.20":
  version "0.18.20"
  resolved "https://registry.yarnpkg.com/@esbuild/darwin-arm64/-/darwin-arm64-0.18.20.tgz#08172cbeccf95fbc383399a7f39cfbddaeb0d7c1"
  integrity sha512-bxRHW5kHU38zS2lPTPOyuyTm+S+eobPUnTNkdJEfAddYgEcll4xkT8DB9d2008DtTbl7uJag2HuE5NZAZgnNEA==

"@esbuild/darwin-x64@0.18.20":
  version "0.18.20"
  resolved "https://registry.yarnpkg.com/@esbuild/darwin-x64/-/darwin-x64-0.18.20.tgz#d70d5790d8bf475556b67d0f8b7c5bdff053d85d"
  integrity sha512-pc5gxlMDxzm513qPGbCbDukOdsGtKhfxD1zJKXjCCcU7ju50O7MeAZ8c4krSJcOIJGFR+qx21yMMVYwiQvyTyQ==

"@esbuild/freebsd-arm64@0.18.20":
  version "0.18.20"
  resolved "https://registry.yarnpkg.com/@esbuild/freebsd-arm64/-/freebsd-arm64-0.18.20.tgz#98755cd12707f93f210e2494d6a4b51b96977f54"
  integrity sha512-yqDQHy4QHevpMAaxhhIwYPMv1NECwOvIpGCZkECn8w2WFHXjEwrBn3CeNIYsibZ/iZEUemj++M26W3cNR5h+Tw==

"@esbuild/freebsd-x64@0.18.20":
  version "0.18.20"
  resolved "https://registry.yarnpkg.com/@esbuild/freebsd-x64/-/freebsd-x64-0.18.20.tgz#c1eb2bff03915f87c29cece4c1a7fa1f423b066e"
  integrity sha512-tgWRPPuQsd3RmBZwarGVHZQvtzfEBOreNuxEMKFcd5DaDn2PbBxfwLcj4+aenoh7ctXcbXmOQIn8HI6mCSw5MQ==

"@esbuild/linux-arm64@0.18.20":
  version "0.18.20"
  resolved "https://registry.yarnpkg.com/@esbuild/linux-arm64/-/linux-arm64-0.18.20.tgz#bad4238bd8f4fc25b5a021280c770ab5fc3a02a0"
  integrity sha512-2YbscF+UL7SQAVIpnWvYwM+3LskyDmPhe31pE7/aoTMFKKzIc9lLbyGUpmmb8a8AixOL61sQ/mFh3jEjHYFvdA==

"@esbuild/linux-arm@0.18.20":
  version "0.18.20"
  resolved "https://registry.yarnpkg.com/@esbuild/linux-arm/-/linux-arm-0.18.20.tgz#3e617c61f33508a27150ee417543c8ab5acc73b0"
  integrity sha512-/5bHkMWnq1EgKr1V+Ybz3s1hWXok7mDFUMQ4cG10AfW3wL02PSZi5kFpYKrptDsgb2WAJIvRcDm+qIvXf/apvg==

"@esbuild/linux-ia32@0.18.20":
  version "0.18.20"
  resolved "https://registry.yarnpkg.com/@esbuild/linux-ia32/-/linux-ia32-0.18.20.tgz#699391cccba9aee6019b7f9892eb99219f1570a7"
  integrity sha512-P4etWwq6IsReT0E1KHU40bOnzMHoH73aXp96Fs8TIT6z9Hu8G6+0SHSw9i2isWrD2nbx2qo5yUqACgdfVGx7TA==

"@esbuild/linux-loong64@0.18.20":
  version "0.18.20"
  resolved "https://registry.yarnpkg.com/@esbuild/linux-loong64/-/linux-loong64-0.18.20.tgz#e6fccb7aac178dd2ffb9860465ac89d7f23b977d"
  integrity sha512-nXW8nqBTrOpDLPgPY9uV+/1DjxoQ7DoB2N8eocyq8I9XuqJ7BiAMDMf9n1xZM9TgW0J8zrquIb/A7s3BJv7rjg==

"@esbuild/linux-mips64el@0.18.20":
  version "0.18.20"
  resolved "https://registry.yarnpkg.com/@esbuild/linux-mips64el/-/linux-mips64el-0.18.20.tgz#eeff3a937de9c2310de30622a957ad1bd9183231"
  integrity sha512-d5NeaXZcHp8PzYy5VnXV3VSd2D328Zb+9dEq5HE6bw6+N86JVPExrA6O68OPwobntbNJ0pzCpUFZTo3w0GyetQ==

"@esbuild/linux-ppc64@0.18.20":
  version "0.18.20"
  resolved "https://registry.yarnpkg.com/@esbuild/linux-ppc64/-/linux-ppc64-0.18.20.tgz#2f7156bde20b01527993e6881435ad79ba9599fb"
  integrity sha512-WHPyeScRNcmANnLQkq6AfyXRFr5D6N2sKgkFo2FqguP44Nw2eyDlbTdZwd9GYk98DZG9QItIiTlFLHJHjxP3FA==

"@esbuild/linux-riscv64@0.18.20":
  version "0.18.20"
  resolved "https://registry.yarnpkg.com/@esbuild/linux-riscv64/-/linux-riscv64-0.18.20.tgz#6628389f210123d8b4743045af8caa7d4ddfc7a6"
  integrity sha512-WSxo6h5ecI5XH34KC7w5veNnKkju3zBRLEQNY7mv5mtBmrP/MjNBCAlsM2u5hDBlS3NGcTQpoBvRzqBcRtpq1A==

"@esbuild/linux-s390x@0.18.20":
  version "0.18.20"
  resolved "https://registry.yarnpkg.com/@esbuild/linux-s390x/-/linux-s390x-0.18.20.tgz#255e81fb289b101026131858ab99fba63dcf0071"
  integrity sha512-+8231GMs3mAEth6Ja1iK0a1sQ3ohfcpzpRLH8uuc5/KVDFneH6jtAJLFGafpzpMRO6DzJ6AvXKze9LfFMrIHVQ==

"@esbuild/linux-x64@0.18.20":
  version "0.18.20"
  resolved "https://registry.yarnpkg.com/@esbuild/linux-x64/-/linux-x64-0.18.20.tgz#c7690b3417af318a9b6f96df3031a8865176d338"
  integrity sha512-UYqiqemphJcNsFEskc73jQ7B9jgwjWrSayxawS6UVFZGWrAAtkzjxSqnoclCXxWtfwLdzU+vTpcNYhpn43uP1w==

"@esbuild/netbsd-x64@0.18.20":
  version "0.18.20"
  resolved "https://registry.yarnpkg.com/@esbuild/netbsd-x64/-/netbsd-x64-0.18.20.tgz#30e8cd8a3dded63975e2df2438ca109601ebe0d1"
  integrity sha512-iO1c++VP6xUBUmltHZoMtCUdPlnPGdBom6IrO4gyKPFFVBKioIImVooR5I83nTew5UOYrk3gIJhbZh8X44y06A==

"@esbuild/openbsd-x64@0.18.20":
  version "0.18.20"
  resolved "https://registry.yarnpkg.com/@esbuild/openbsd-x64/-/openbsd-x64-0.18.20.tgz#7812af31b205055874c8082ea9cf9ab0da6217ae"
  integrity sha512-e5e4YSsuQfX4cxcygw/UCPIEP6wbIL+se3sxPdCiMbFLBWu0eiZOJ7WoD+ptCLrmjZBK1Wk7I6D/I3NglUGOxg==

"@esbuild/sunos-x64@0.18.20":
  version "0.18.20"
  resolved "https://registry.yarnpkg.com/@esbuild/sunos-x64/-/sunos-x64-0.18.20.tgz#d5c275c3b4e73c9b0ecd38d1ca62c020f887ab9d"
  integrity sha512-kDbFRFp0YpTQVVrqUd5FTYmWo45zGaXe0X8E1G/LKFC0v8x0vWrhOWSLITcCn63lmZIxfOMXtCfti/RxN/0wnQ==

"@esbuild/win32-arm64@0.18.20":
  version "0.18.20"
  resolved "https://registry.yarnpkg.com/@esbuild/win32-arm64/-/win32-arm64-0.18.20.tgz#73bc7f5a9f8a77805f357fab97f290d0e4820ac9"
  integrity sha512-ddYFR6ItYgoaq4v4JmQQaAI5s7npztfV4Ag6NrhiaW0RrnOXqBkgwZLofVTlq1daVTQNhtI5oieTvkRPfZrePg==

"@esbuild/win32-ia32@0.18.20":
  version "0.18.20"
  resolved "https://registry.yarnpkg.com/@esbuild/win32-ia32/-/win32-ia32-0.18.20.tgz#ec93cbf0ef1085cc12e71e0d661d20569ff42102"
  integrity sha512-Wv7QBi3ID/rROT08SABTS7eV4hX26sVduqDOTe1MvGMjNd3EjOz4b7zeexIR62GTIEKrfJXKL9LFxTYgkyeu7g==

"@esbuild/win32-x64@0.18.20":
  version "0.18.20"
  resolved "https://registry.yarnpkg.com/@esbuild/win32-x64/-/win32-x64-0.18.20.tgz#786c5f41f043b07afb1af37683d7c33668858f6d"
  integrity sha512-kTdfRcSiDfQca/y9QIkng02avJ+NCaQvrMejlsB3RRv5sE9rRoeBPISaZpKxHELzRxZyLvNts1P27W3wV+8geQ==

"@lezer/common@^1.0.0":
  version "1.0.4"
  resolved "https://registry.yarnpkg.com/@lezer/common/-/common-1.0.4.tgz#42b371138af846c1fe8ff5facd4360a670e30b4c"
  integrity sha512-lZHlk8p67x4aIDtJl6UQrXSOP6oi7dQR3W/geFVrENdA1JDaAJWldnVqVjPMJupbTKbzDfFcePfKttqVidS/dg==

"@lezer/common@^1.1.0":
  version "1.1.0"
  resolved "https://registry.yarnpkg.com/@lezer/common/-/common-1.1.0.tgz#2e5bfe01d7a2ada6056d93c677bba4f1495e098a"
  integrity sha512-XPIN3cYDXsoJI/oDWoR2tD++juVrhgIago9xyKhZ7IhGlzdDM9QgC8D8saKNCz5pindGcznFr2HBSsEQSWnSjw==

"@lezer/highlight@^1.0.0", "@lezer/highlight@^1.1.3":
  version "1.1.6"
  resolved "https://registry.yarnpkg.com/@lezer/highlight/-/highlight-1.1.6.tgz#87e56468c0f43c2a8b3dc7f0b7c2804b34901556"
  integrity sha512-cmSJYa2us+r3SePpRCjN5ymCqCPv+zyXmDl0ciWtVaNiORT/MxM7ZgOMQZADD0o51qOaOg24qc/zBViOIwAjJg==
  dependencies:
    "@lezer/common" "^1.0.0"

"@lezer/javascript@^1.0.0":
  version "1.4.7"
  resolved "https://registry.yarnpkg.com/@lezer/javascript/-/javascript-1.4.7.tgz#4ebcce2db6043c07fbe827188c07cb001bc7fe37"
  integrity sha512-OVWlK0YEi7HM+9JRWtRkir8qvcg0/kVYg2TAMHlVtl6DU1C9yK1waEOLBMztZsV/axRJxsqfJKhzYz+bxZme5g==
  dependencies:
    "@lezer/highlight" "^1.1.3"
    "@lezer/lr" "^1.3.0"

"@lezer/lr@^1.0.0", "@lezer/lr@^1.3.0":
  version "1.3.10"
  resolved "https://registry.yarnpkg.com/@lezer/lr/-/lr-1.3.10.tgz#22833d2876ee61e302027620ee3ecf2c271e7a0f"
  integrity sha512-BZfVvf7Re5BIwJHlZXbJn9L8lus5EonxQghyn+ih8Wl36XMFBPTXC0KM0IdUtj9w/diPHsKlXVgL+AlX2jYJ0Q==
  dependencies:
    "@lezer/common" "^1.0.0"

"@lezer/python@^1.1.4":
  version "1.1.8"
  resolved "https://registry.yarnpkg.com/@lezer/python/-/python-1.1.8.tgz#fe8d03d6cbc95a1d5625cffd30d78018ee816633"
  integrity sha512-1T/XsmeF57ijrjpC0Zmrf9YeO5mn2zC1XeSNrOnc0KB+6PgxJ5m7kWKt0CnwyS74oHQXbJxUUL+QDQJR26c1Gw==
  dependencies:
    "@lezer/highlight" "^1.0.0"
    "@lezer/lr" "^1.0.0"

"@types/trusted-types@^2.0.2":
  version "2.0.3"
  resolved "https://registry.yarnpkg.com/@types/trusted-types/-/trusted-types-2.0.3.tgz#a136f83b0758698df454e328759dbd3d44555311"
  integrity sha512-NfQ4gyz38SL8sDNrSixxU2Os1a5xcdFxipAFxYEuLUlvU2uDwS4NUpsImcf1//SlWItCVMMLiylsxbmNMToV/g==

codemirror@^6.0.0:
  version "6.0.1"
  resolved "https://registry.yarnpkg.com/codemirror/-/codemirror-6.0.1.tgz#62b91142d45904547ee3e0e0e4c1a79158035a29"
  integrity sha512-J8j+nZ+CdWmIeFIGXEFbFPtpiYacFMDR8GlHK3IyHQJMCaVRfGx9NT+Hxivv1ckLWPvNdZqndbr/7lVhrf/Svg==
  dependencies:
    "@codemirror/autocomplete" "^6.0.0"
    "@codemirror/commands" "^6.0.0"
    "@codemirror/language" "^6.0.0"
    "@codemirror/lint" "^6.0.0"
    "@codemirror/search" "^6.0.0"
    "@codemirror/state" "^6.0.0"
    "@codemirror/view" "^6.0.0"

crelt@^1.0.5:
  version "1.0.6"
  resolved "https://registry.yarnpkg.com/crelt/-/crelt-1.0.6.tgz#7cc898ea74e190fb6ef9dae57f8f81cf7302df72"
  integrity sha512-VQ2MBenTq1fWZUH9DJNGti7kKv6EeAuYr3cLwxUWhIu1baTaXh4Ib5W2CqHVqib4/MqbYGJqiL3Zb8GJZr3l4g==

esbuild@^0.18.10:
  version "0.18.20"
  resolved "https://registry.yarnpkg.com/esbuild/-/esbuild-0.18.20.tgz#4709f5a34801b43b799ab7d6d82f7284a9b7a7a6"
  integrity sha512-ceqxoedUrcayh7Y7ZX6NdbbDzGROiyVBgC4PriJThBKSVPWnnFHZAkfI1lJT8QFkOwH4qOS2SJkS4wvpGl8BpA==
  optionalDependencies:
    "@esbuild/android-arm" "0.18.20"
    "@esbuild/android-arm64" "0.18.20"
    "@esbuild/android-x64" "0.18.20"
    "@esbuild/darwin-arm64" "0.18.20"
    "@esbuild/darwin-x64" "0.18.20"
    "@esbuild/freebsd-arm64" "0.18.20"
    "@esbuild/freebsd-x64" "0.18.20"
    "@esbuild/linux-arm" "0.18.20"
    "@esbuild/linux-arm64" "0.18.20"
    "@esbuild/linux-ia32" "0.18.20"
    "@esbuild/linux-loong64" "0.18.20"
    "@esbuild/linux-mips64el" "0.18.20"
    "@esbuild/linux-ppc64" "0.18.20"
    "@esbuild/linux-riscv64" "0.18.20"
    "@esbuild/linux-s390x" "0.18.20"
    "@esbuild/linux-x64" "0.18.20"
    "@esbuild/netbsd-x64" "0.18.20"
    "@esbuild/openbsd-x64" "0.18.20"
    "@esbuild/sunos-x64" "0.18.20"
    "@esbuild/win32-arm64" "0.18.20"
    "@esbuild/win32-ia32" "0.18.20"
    "@esbuild/win32-x64" "0.18.20"

flatten-svg@^0.3.0:
  version "0.3.0"
  resolved "https://registry.yarnpkg.com/flatten-svg/-/flatten-svg-0.3.0.tgz#04ed8ef4b2ee045c8036013cf0de4816a747e371"
  integrity sha512-8CwSAVxqDglcgOBCjdL9hiyGXd3CmuEL9zQwiE6oinsjTnM7RZnk/t/2K8URYV9W1adUu1CXlQwW3QdzB5q9Sg==

fsevents@~2.3.2:
  version "2.3.3"
  resolved "https://registry.yarnpkg.com/fsevents/-/fsevents-2.3.3.tgz#cac6407785d03675a2a5e1a5305c697b347d90d6"
  integrity sha512-5xoDfX+fL7faATnagmWPpbFtwh/R77WmMMqqHGS65C3vvB0YHrgF+B1YmZ3441tMj5n63k0212XNoJwzlhffQw==

lit-html@^2.8.0:
  version "2.8.0"
  resolved "https://registry.yarnpkg.com/lit-html/-/lit-html-2.8.0.tgz#96456a4bb4ee717b9a7d2f94562a16509d39bffa"
  integrity sha512-o9t+MQM3P4y7M7yNzqAyjp7z+mQGa4NS4CxiyLqFPyFWyc4O+nodLrkrxSaCTrla6M5YOLaT3RpbbqjszB5g3Q==
  dependencies:
    "@types/trusted-types" "^2.0.2"

nanoid@^3.3.6:
  version "3.3.6"
  resolved "https://registry.yarnpkg.com/nanoid/-/nanoid-3.3.6.tgz#443380c856d6e9f9824267d960b4236ad583ea4c"
  integrity sha512-BGcqMMJuToF7i1rt+2PWSNVnWIkGCU78jBG3RxO/bZlnZPK2Cmi2QaffxGO/2RvWi9sL+FAiRiXMgsyxQ1DIDA==

picocolors@^1.0.0:
  version "1.0.0"
  resolved "https://registry.yarnpkg.com/picocolors/-/picocolors-1.0.0.tgz#cb5bdc74ff3f51892236eaf79d68bc44564ab81c"
  integrity sha512-1fygroTLlHu66zi26VoTDv8yRgm0Fccecssto+MhsZ0D/DGW2sm8E8AjW7NU5VVTRt5GxbeZ5qBuJr+HyLYkjQ==

postcss@^8.4.27:
  version "8.4.28"
  resolved "https://registry.yarnpkg.com/postcss/-/postcss-8.4.28.tgz#c6cc681ed00109072816e1557f889ef51cf950a5"
  integrity sha512-Z7V5j0cq8oEKyejIKfpD8b4eBy9cwW2JWPk0+fB1HOAMsfHbnAXLLS+PfVWlzMSLQaWttKDt607I0XHmpE67Vw==
  dependencies:
    nanoid "^3.3.6"
    picocolors "^1.0.0"
    source-map-js "^1.0.2"

rollup@^3.27.1:
  version "3.28.1"
  resolved "https://registry.yarnpkg.com/rollup/-/rollup-3.28.1.tgz#fb44aa6d5e65c7e13fd5bcfff266d0c4ea9ba433"
  integrity sha512-R9OMQmIHJm9znrU3m3cpE8uhN0fGdXiawME7aZIpQqvpS/85+Vt1Hq1/yVIcYfOmaQiHjvXkQAoJukvLpau6Yw==
  optionalDependencies:
    fsevents "~2.3.2"

source-map-js@^1.0.2:
  version "1.0.2"
  resolved "https://registry.yarnpkg.com/source-map-js/-/source-map-js-1.0.2.tgz#adbc361d9c62df380125e7f161f71c826f1e490c"
  integrity sha512-R0XvVJ9WusLiqTCEiGCmICCMplcCkIwwR11mOSD9CR5u+IXYdiseeEuXCVAjS54zqwkLcPNnmU4OeJ6tUrWhDw==

style-mod@^4.0.0, style-mod@^4.1.0:
  version "4.1.0"
  resolved "https://registry.yarnpkg.com/style-mod/-/style-mod-4.1.0.tgz#a313a14f4ae8bb4d52878c0053c4327fb787ec09"
  integrity sha512-Ca5ib8HrFn+f+0n4N4ScTIA9iTOQ7MaGS1ylHcoVqW9J7w2w8PzN6g9gKmTYgGEBH8e120+RCmhpje6jC5uGWA==

vite@^4.4.9:
  version "4.4.9"
  resolved "https://registry.yarnpkg.com/vite/-/vite-4.4.9.tgz#1402423f1a2f8d66fd8d15e351127c7236d29d3d"
  integrity sha512-2mbUn2LlUmNASWwSCNSJ/EG2HuSRTnVNaydp6vMCm5VIqJsjMfbIWtbH2kDuwUVW5mMUKKZvGPX/rqeqVvv1XA==
  dependencies:
    esbuild "^0.18.10"
    postcss "^8.4.27"
    rollup "^3.27.1"
  optionalDependencies:
    fsevents "~2.3.2"

w3c-keyname@^2.2.4:
  version "2.2.8"
  resolved "https://registry.yarnpkg.com/w3c-keyname/-/w3c-keyname-2.2.8.tgz#7b17c8c6883d4e8b86ac8aba79d39e880f8869c5"
  integrity sha512-dpojBhNsCNN7T82Tm7k26A6G9ML3NkhDsnw9n/eoxSRlVBB4CEtIQ/KTCLI2Fwf3ataSXRhYFkQi3SlnFwPvPQ==
